("quicklisp" .
 (:class qlot/source/dist:source-dist
  :initargs (:distribution "https://beta.quicklisp.org/dist/quicklisp.txt" :%version :latest)
  :version "2026-01-01"))
("lack" .
 (:class qlot/source/ql:source-ql
  :initargs (:%version :latest)
  :version "ql-2026-01-01"))
("quri" .
 (:class qlot/source/ql:source-ql
  :initargs (:%version :latest)
  :version "ql-2026-01-01"))
("rove" .
 (:class qlot/source/git:source-git
  :initargs (:remote-url "https://github.com/fukamachi/rove")
  :version "git-52b04eaa4a079d753fdf49e793a52d5fe1f61836"))
("dissect" .
 (:class qlot/source/git:source-git
  :initargs (:remote-url "https://github.com/Shinmera/dissect")
  :version "git-43b42a3a4d2264b78690a2e9ee1cc15538718ca6"))
("ningle" .
 (:class qlot/source/git:source-git
  :initargs (:remote-url "https://github.com/fukamachi/ningle")
  :version "git-ae0c79bbd7c71633268fe3130ed4f12ca4be2f9a"))
